// !$*UTF8*$!
{
	archiveVersion = 1;
	classes = {
	};
	objectVersion = 46;
	objects = {

/* Begin PBXBuildFile section */
		6715B5D51F3409FC0097FCC0 /* PageContainerController.swift in Sources */ = {isa = PBXBuildFile; fileRef = 6715B5D21F3409FC0097FCC0 /* PageContainerController.swift */; };
		6715B5D61F3409FC0097FCC0 /* PageContentViewController.swift in Sources */ = {isa = PBXBuildFile; fileRef = 6715B5D31F3409FC0097FCC0 /* PageContentViewController.swift */; };
		6715B5D71F3409FC0097FCC0 /* PageViewController.swift in Sources */ = {isa = PBXBuildFile; fileRef = 6715B5D41F3409FC0097FCC0 /* PageViewController.swift */; };
		67AA807D1F3322B1001C3622 /* AppDelegate.swift in Sources */ = {isa = PBXBuildFile; fileRef = 67AA807C1F3322B1001C3622 /* AppDelegate.swift */; };
		67AA807F1F3322B1001C3622 /* ViewController.swift in Sources */ = {isa = PBXBuildFile; fileRef = 67AA807E1F3322B1001C3622 /* ViewController.swift */; };
		67AA80821F3322B1001C3622 /* Main.storyboard in Resources */ = {isa = PBXBuildFile; fileRef = 67AA80801F3322B1001C3622 /* Main.storyboard */; };
		67AA80871F3322B1001C3622 /* LaunchScreen.storyboard in Resources */ = {isa = PBXBuildFile; fileRef = 67AA80851F3322B1001C3622 /* LaunchScreen.storyboard */; };
		67AA80951F33364F001C3622 /* Assets.xcassets in Resources */ = {isa = PBXBuildFile; fileRef = 67AA80941F33364F001C3622 /* Assets.xcassets */; };
/* End PBXBuildFile section */

/* Begin PBXFileReference section */
		6715B5D21F3409FC0097FCC0 /* PageContainerController.swift */ = {isa = PBXFileReference; fileEncoding = 4; lastKnownFileType = sourcecode.swift; path = PageContainerController.swift; sourceTree = "<group>"; };
		6715B5D31F3409FC0097FCC0 /* PageContentViewController.swift */ = {isa = PBXFileReference; fileEncoding = 4; lastKnownFileType = sourcecode.swift; path = PageContentViewController.swift; sourceTree = "<group>"; };
		6715B5D41F3409FC0097FCC0 /* PageViewController.swift */ = {isa = PBXFileReference; fileEncoding = 4; lastKnownFileType = sourcecode.swift; path = PageViewController.swift; sourceTree = "<group>"; };
		67AA80791F3322B1001C3622 /* PageControllerContainer.app */ = {isa = PBXFileReference; explicitFileType = wrapper.application; includeInIndex = 0; path = PageControllerContainer.app; sourceTree = BUILT_PRODUCTS_DIR; };
		67AA807C1F3322B1001C3622 /* AppDelegate.swift */ = {isa = PBXFileReference; lastKnownFileType = sourcecode.swift; path = AppDelegate.swift; sourceTree = "<group>"; };
		67AA807E1F3322B1001C3622 /* ViewController.swift */ = {isa = PBXFileReference; lastKnownFileType = sourcecode.swift; path = ViewController.swift; sourceTree = "<group>"; };
		67AA80811F3322B1001C3622 /* Base */ = {isa = PBXFileReference; lastKnownFileType = file.storyboard; name = Base; path = Base.lproj/Main.storyboard; sourceTree = "<group>"; };
		67AA80861F3322B1001C3622 /* Base */ = {isa = PBXFileReference; lastKnownFileType = file.storyboard; name = Base; path = Base.lproj/LaunchScreen.storyboard; sourceTree = "<group>"; };
		67AA80881F3322B1001C3622 /* Info.plist */ = {isa = PBXFileReference; lastKnownFileType = text.plist.xml; path = Info.plist; sourceTree = "<group>"; };
		67AA80941F33364F001C3622 /* Assets.xcassets */ = {isa = PBXFileReference; lastKnownFileType = folder.assetcatalog; path = Assets.xcassets; sourceTree = "<group>"; };
/* End PBXFileReference section */

/* Begin PBXFrameworksBuildPhase section */
		67AA80761F3322B1001C3622 /* Frameworks */ = {
			isa = PBXFrameworksBuildPhase;
			buildActionMask = 2147483647;
			files = (
			);
			runOnlyForDeploymentPostprocessing = 0;
		};
/* End PBXFrameworksBuildPhase section */

/* Begin PBXGroup section */
		6715B5D11F3409FC0097FCC0 /* PageContainer */ = {
			isa = PBXGroup;
			children = (
				6715B5D21F3409FC0097FCC0 /* PageContainerController.swift */,
				6715B5D41F3409FC0097FCC0 /* PageViewController.swift */,
				6715B5D31F3409FC0097FCC0 /* PageContentViewController.swift */,
			);
			path = PageContainer;
			sourceTree = "<group>";
		};
		67AA80701F3322B1001C3622 = {
			isa = PBXGroup;
			children = (
				67AA807B1F3322B1001C3622 /* PageControllerContainer */,
				67AA807A1F3322B1001C3622 /* Products */,
			);
			sourceTree = "<group>";
		};
		67AA807A1F3322B1001C3622 /* Products */ = {
			isa = PBXGroup;
			children = (
				67AA80791F3322B1001C3622 /* PageControllerContainer.app */,
			);
			name = Products;
			sourceTree = "<group>";
		};
		67AA807B1F3322B1001C3622 /* PageControllerContainer */ = {
			isa = PBXGroup;
			children = (
				67AA807C1F3322B1001C3622 /* AppDelegate.swift */,
				67AA807E1F3322B1001C3622 /* ViewController.swift */,
				6715B5D11F3409FC0097FCC0 /* PageContainer */,
				67AA80941F33364F001C3622 /* Assets.xcassets */,
				67AA80801F3322B1001C3622 /* Main.storyboard */,
				67AA80851F3322B1001C3622 /* LaunchScreen.storyboard */,
				67AA80881F3322B1001C3622 /* Info.plist */,
			);
			path = PageControllerContainer;
			sourceTree = "<group>";
		};
/* End PBXGroup section */

/* Begin PBXNativeTarget section */
		67AA80781F3322B1001C3622 /* PageControllerContainer */ = {
			isa = PBXNativeTarget;
			buildConfigurationList = 67AA808B1F3322B1001C3622 /* Build configuration list for PBXNativeTarget "PageControllerContainer" */;
			buildPhases = (
				67AA80751F3322B1001C3622 /* Sources */,
				67AA80761F3322B1001C3622 /* Frameworks */,
				67AA80771F3322B1001C3622 /* Resources */,
			);
			buildRules = (
			);
			dependencies = (
			);
			name = PageControllerContainer;
			productName = PageControllerContainer;
			productReference = 67AA80791F3322B1001C3622 /* PageControllerContainer.app */;
			productType = "com.apple.product-type.application";
		};
/* End PBXNativeTarget section */

/* Begin PBXProject section */
		67AA80711F3322B1001C3622 /* Project object */ = {
			isa = PBXProject;
			attributes = {
				LastSwiftUpdateCheck = 0830;
				LastUpgradeCheck = 0830;
				ORGANIZATIONNAME = nyato;
				TargetAttributes = {
					67AA80781F3322B1001C3622 = {
						CreatedOnToolsVersion = 8.3;
						DevelopmentTeam = V5NZ3R8346;
						ProvisioningStyle = Automatic;
					};
				};
			};
			buildConfigurationList = 67AA80741F3322B1001C3622 /* Build configuration list for PBXProject "PageControllerContainer" */;
			compatibilityVersion = "Xcode 3.2";
			developmentRegion = English;
			hasScannedForEncodings = 0;
			knownRegions = (
				en,
				Base,
			);
			mainGroup = 67AA80701F3322B1001C3622;
			productRefGroup = 67AA807A1F3322B1001C3622 /* Products */;
			projectDirPath = "";
			projectRoot = "";
			targets = (
				67AA80781F3322B1001C3622 /* PageControllerContainer */,
			);
		};
/* End PBXProject section */

/* Begin PBXResourcesBuildPhase section */
		67AA80771F3322B1001C3622 /* Resources */ = {
			isa = PBXResourcesBuildPhase;
			buildActionMask = 2147483647;
			files = (
				67AA80871F3322B1001C3622 /* LaunchScreen.storyboard in Resources */,
				67AA80951F33364F001C3622 /* Assets.xcassets in Resources */,
				67AA80821F3322B1001C3622 /* Main.storyboard in Resources */,
			);
			runOnlyForDeploymentPostprocessing = 0;
		};
/* End PBXResourcesBuildPhase section */

/* Begin PBXSourcesBuildPhase section */
		67AA80751F3322B1001C3622 /* Sources */ = {
			isa = PBXSourcesBuildPhase;
			buildActionMask = 2147483647;
			files = (
				6715B5D51F3409FC0097FCC0 /* PageContainerController.swift in Sources */,
				6715B5D71F3409FC0097FCC0 /* PageViewController.swift in Sources */,
				6715B5D61F3409FC0097FCC0 /* PageContentViewController.swift in Sources */,
				67AA807F1F3322B1001C3622 /* ViewController.swift in Sources */,
				67AA807D1F3322B1001C3622 /* AppDelegate.swift in Sources */,
			);
			runOnlyForDeploymentPostprocessing = 0;
		};
/* End PBXSourcesBuildPhase section */

/* Begin PBXVariantGroup section */
		67AA80801F3322B1001C3622 /* Main.storyboard */ = {
			isa = PBXVariantGroup;
			children = (
				67AA80811F3322B1001C3622 /* Base */,
			);
			name = Main.storyboard;
			sourceTree = "<group>";
		};
		67AA80851F3322B1001C3622 /* LaunchScreen.storyboard */ = {
			isa = PBXVariantGroup;
			children = (
				67AA80861F3322B1001C3622 /* Base */,
			);
			name = LaunchScreen.storyboard;
			sourceTree = "<group>";
		};
/* End PBXVariantGroup section */

/* Begin XCBuildConfiguration section */
		67AA80891F3322B1001C3622 /* Debug */ = {
			isa = XCBuildConfiguration;
			buildSettings = {
				ALWAYS_SEARCH_USER_PATHS = NO;
				CLANG_ANALYZER_NONNULL = YES;
				CLANG_ANALYZER_NUMBER_OBJECT_CONVERSION = YES_AGGRESSIVE;
				CLANG_CXX_LANGUAGE_STANDARD = "gnu++0x";
				CLANG_CXX_LIBRARY = "libc++";
				CLANG_ENABLE_MODULES = YES;
				CLANG_ENABLE_OBJC_ARC = YES;
				CLANG_WARN_BOOL_CONVERSION = YES;
				CLANG_WARN_CONSTANT_CONVERSION = YES;
				CLANG_WARN_DIRECT_OBJC_ISA_USAGE = YES_ERROR;
				CLANG_WARN_DOCUMENTATION_COMMENTS = YES;
				CLANG_WARN_EMPTY_BODY = YES;
				CLANG_WARN_ENUM_CONVERSION = YES;
				CLANG_WARN_INFINITE_RECURSION = YES;
				CLANG_WARN_INT_CONVERSION = YES;
				CLANG_WARN_OBJC_ROOT_CLASS = YES_ERROR;
				CLANG_WARN_SUSPICIOUS_MOVE = YES;
				CLANG_WARN_UNREACHABLE_CODE = YES;
				CLANG_WARN__DUPLICATE_METHOD_MATCH = YES;
				"CODE_SIGN_IDENTITY[sdk=iphoneos*]" = "iPhone Developer";
				COPY_PHASE_STRIP = NO;
				DEBUG_INFORMATION_FORMAT = dwarf;
				ENABLE_STRICT_OBJC_MSGSEND = YES;
				ENABLE_TESTABILITY = YES;
				GCC_C_LANGUAGE_STANDARD = gnu99;
				GCC_DYNAMIC_NO_PIC = NO;
				GCC_NO_COMMON_BLOCKS = YES;
				GCC_OPTIMIZATION_LEVEL = 0;
				GCC_PREPROCESSOR_DEFINITIONS = (
					"DEBUG=1",
					"$(inherited)",
				);
				GCC_WARN_64_TO_32_BIT_CONVERSION = YES;
				GCC_WARN_ABOUT_RETURN_TYPE = YES_ERROR;
				GCC_WARN_UNDECLARED_SELECTOR = YES;
				GCC_WARN_UNINITIALIZED_AUTOS = YES_AGGRESSIVE;
				GCC_WARN_UNUSED_FUNCTION = YES;
				GCC_WARN_UNUSED_VARIABLE = YES;
				IPHONEOS_DEPLOYMENT_TARGET = 10.3;
				MTL_ENABLE_DEBUG_INFO = YES;
				ONLY_ACTIVE_ARCH = YES;
				SDKROOT = iphoneos;
				SWIFT_ACTIVE_COMPILATION_CONDITIONS = DEBUG;
				SWIFT_OPTIMIZATION_LEVEL = "-Onone";
			};
			name = Debug;
		};
		67AA808A1F3322B1001C3622 /* Release */ = {
			isa = XCBuildConfiguration;
			buildSettings = {
				ALWAYS_SEARCH_USER_PATHS = NO;
				CLANG_ANALYZER_NONNULL = YES;
				CLANG_ANALYZER_NUMBER_OBJECT_CONVERSION = YES_AGGRESSIVE;
				CLANG_CXX_LANGUAGE_STANDARD = "gnu++0x";
				CLANG_CXX_LIBRARY = "libc++";
				CLANG_ENABLE_MODULES = YES;
				CLANG_ENABLE_OBJC_ARC = YES;
				CLANG_WARN_BOOL_CONVERSION = YES;
				CLANG_WARN_CONSTANT_CONVERSION = YES;
				CLANG_WARN_DIRECT_OBJC_ISA_USAGE = YES_ERROR;
				CLANG_WARN_DOCUMENTATION_COMMENTS = YES;
				CLANG_WARN_EMPTY_BODY = YES;
				CLANG_WARN_ENUM_CONVERSION = YES;
				CLANG_WARN_INFINITE_RECURSION = YES;
				CLANG_WARN_INT_CONVERSION = YES;
				CLANG_WARN_OBJC_ROOT_CLASS = YES_ERROR;
				CLANG_WARN_SUSPICIOUS_MOVE = YES;
				CLANG_WARN_UNREACHABLE_CODE = YES;
				CLANG_WARN__DUPLICATE_METHOD_MATCH = YES;
				"CODE_SIGN_IDENTITY[sdk=iphoneos*]" = "iPhone Developer";
				COPY_PHASE_STRIP = NO;
				DEBUG_INFORMATION_FORMAT = "dwarf-with-dsym";
				ENABLE_NS_ASSERTIONS = NO;
				ENABLE_STRICT_OBJC_MSGSEND = YES;
				GCC_C_LANGUAGE_STANDARD = gnu99;
				GCC_NO_COMMON_BLOCKS = YES;
				GCC_WARN_64_TO_32_BIT_CONVERSION = YES;
				GCC_WARN_ABOUT_RETURN_TYPE = YES_ERROR;
				GCC_WARN_UNDECLARED_SELECTOR = YES;
				GCC_WARN_UNINITIALIZED_AUTOS = YES_AGGRESSIVE;
				GCC_WARN_UNUSED_FUNCTION = YES;
				GCC_WARN_UNUSED_VARIABLE = YES;
				IPHONEOS_DEPLOYMENT_TARGET = 10.3;
				MTL_ENABLE_DEBUG_INFO = NO;
				SDKROOT = iphoneos;
				SWIFT_OPTIMIZATION_LEVEL = "-Owholemodule";
				VALIDATE_PRODUCT = YES;
			};
			name = Release;
		};
		67AA808C1F3322B1001C3622 /* Debug */ = {
			isa = XCBuildConfiguration;
			buildSettings = {
				ASSETCATALOG_COMPILER_APPICON_NAME = AppIcon;
				DEVELOPMENT_TEAM = V5NZ3R8346;
				INFOPLIST_FILE = PageControllerContainer/Info.plist;
				LD_RUNPATH_SEARCH_PATHS = "$(inherited) @executable_path/Frameworks";
				PRODUCT_BUNDLE_IDENTIFIER = com.nyato.PageControllerContainer;
				PRODUCT_NAME = "$(TARGET_NAME)";
				SWIFT_VERSION = 3.0;
			};
			name = Debug;
		};
		67AA808D1F3322B1001C3622 /* Release */ = {
			isa = XCBuildConfiguration;
			buildSettings = {
				ASSETCATALOG_COMPILER_APPICON_NAME = AppIcon;
				DEVELOPMENT_TEAM = V5NZ3R8346;
				INFOPLIST_FILE = PageControllerContainer/Info.plist;
				LD_RUNPATH_SEARCH_PATHS = "$(inherited) @executable_path/Frameworks";
				PRODUCT_BUNDLE_IDENTIFIER = com.nyato.PageControllerContainer;
				PRODUCT_NAME = "$(TARGET_NAME)";
				SWIFT_VERSION = 3.0;
			};
			name = Release;
		};
/* End XCBuildConfiguration section */

/* Begin XCConfigurationList section */
		67AA80741F3322B1001C3622 /* Build configuration list for PBXProject "PageControllerContainer" */ = {
			isa = XCConfigurationList;
			buildConfigurations = (
				67AA80891F3322B1001C3622 /* Debug */,
				67AA808A1F3322B1001C3622 /* Release */,
			);
			defaultConfigurationIsVisible = 0;
			defaultConfigurationName = Release;
		};
		67AA808B1F3322B1001C3622 /* Build configuration list for PBXNativeTarget "PageControllerContainer" */ = {
			isa = XCConfigurationList;
			buildConfigurations = (
				67AA808C1F3322B1001C3622 /* Debug */,
				67AA808D1F3322B1001C3622 /* Release */,
			);
			defaultConfigurationIsVisible = 0;
			defaultConfigurationName = Release;
		};
/* End XCConfigurationList section */
	};
	rootObject = 67AA80711F3322B1001C3622 /* Project object */;
}
